
Microsoft Visual Studio Solution File, Format Version 12.00
# Visual Studio 15
VisualStudioVersion = 15.0.27130.2010
MinimumVisualStudioVersion = 10.0.40219.1
Project("{FAE04EC0-301F-11D3-BF4B-00C04F79EFBC}") = "DDAC", "DDAC\DDAC.csproj", "{14AB1FCC-20A9-41DA-AD33-AFA6E1FC5653}"
EndProject
Global
	GlobalSection(SolutionConfigurationPlatforms) = preSolution
		Debug|Any CPU = Debug|Any CPU
		Release|Any CPU = Release|Any CPU
	EndGlobalSection
	GlobalSection(ProjectConfigurationPlatforms) = postSolution
		{14AB1FCC-20A9-41DA-AD33-AFA6E1FC5653}.Debug|Any CPU.ActiveCfg = Debug|Any CPU
		{14AB1FCC-20A9-41DA-AD33-AFA6E1FC5653}.Debug|Any CPU.Build.0 = Debug|Any CPU
		{14AB1FCC-20A9-41DA-AD33-AFA6E1FC5653}.Release|Any CPU.ActiveCfg = Release|Any CPU
		{14AB1FCC-20A9-41DA-AD33-AFA6E1FC5653}.Release|Any CPU.Build.0 = Release|Any CPU
	EndGlobalSection
	GlobalSection(SolutionProperties) = preSolution
		HideSolutionNode = FALSE
	EndGlobalSection
	GlobalSection(ExtensibilityGlobals) = postSolution
		SolutionGuid = {E5E20D28-40EF-4D6C-8B06-79F2A1FD5688}
	EndGlobalSection
EndGlobal
